
Microsoft Visual Studio Solution File, Format Version 12.00
# Visual Studio 15
VisualStudioVersion = 15.0.28307.779
MinimumVisualStudioVersion = 10.0.40219.1
Project("{FAE04EC0-301F-11D3-BF4B-00C04F79EFBC}") = "WindowsFormsApp19", "WindowsFormsApp19\WindowsFormsApp19.csproj", "{B0DDF2BA-5D2F-4DB5-951D-1CA7F44F6F1E}"
EndProject
Global
	GlobalSection(SolutionConfigurationPlatforms) = preSolution
		Debug|Any CPU = Debug|Any CPU
		Debug|x64 = Debug|x64
		Release|Any CPU = Release|Any CPU
		Release|x64 = Release|x64
	EndGlobalSection
	GlobalSection(ProjectConfigurationPlatforms) = postSolution
		{B0DDF2BA-5D2F-4DB5-951D-1CA7F44F6F1E}.Debug|Any CPU.ActiveCfg = Debug|Any CPU
		{B0DDF2BA-5D2F-4DB5-951D-1CA7F44F6F1E}.Debug|Any CPU.Build.0 = Debug|Any CPU
		{B0DDF2BA-5D2F-4DB5-951D-1CA7F44F6F1E}.Debug|x64.ActiveCfg = Debug|x64
		{B0DDF2BA-5D2F-4DB5-951D-1CA7F44F6F1E}.Debug|x64.Build.0 = Debug|x64
		{B0DDF2BA-5D2F-4DB5-951D-1CA7F44F6F1E}.Release|Any CPU.ActiveCfg = Release|Any CPU
		{B0DDF2BA-5D2F-4DB5-951D-1CA7F44F6F1E}.Release|Any CPU.Build.0 = Release|Any CPU
		{B0DDF2BA-5D2F-4DB5-951D-1CA7F44F6F1E}.Release|x64.ActiveCfg = Release|x64
		{B0DDF2BA-5D2F-4DB5-951D-1CA7F44F6F1E}.Release|x64.Build.0 = Release|x64
	EndGlobalSection
	GlobalSection(SolutionProperties) = preSolution
		HideSolutionNode = FALSE
	EndGlobalSection
	GlobalSection(ExtensibilityGlobals) = postSolution
		SolutionGuid = {83C7CC58-2ADC-425B-A307-4BFF0DDF860A}
	EndGlobalSection
EndGlobal
